
Microsoft Visual Studio Solution File, Format Version 12.00
# Visual Studio Version 16
VisualStudioVersion = 16.0.31613.86
MinimumVisualStudioVersion = 10.0.40219.1
Project("{FAE04EC0-301F-11D3-BF4B-00C04F79EFBC}") = "PollutionType-Editor", "PollutionType-Editor\PollutionType-Editor.csproj", "{C76B2452-0B44-4168-9C57-6519512740C1}"
EndProject
Global
	GlobalSection(SolutionConfigurationPlatforms) = preSolution
		Debug|Any CPU = Debug|Any CPU
		Release|Any CPU = Release|Any CPU
	EndGlobalSection
	GlobalSection(ProjectConfigurationPlatforms) = postSolution
		{C76B2452-0B44-4168-9C57-6519512740C1}.Debug|Any CPU.ActiveCfg = Debug|Any CPU
		{C76B2452-0B44-4168-9C57-6519512740C1}.Debug|Any CPU.Build.0 = Debug|Any CPU
		{C76B2452-0B44-4168-9C57-6519512740C1}.Release|Any CPU.ActiveCfg = Release|Any CPU
		{C76B2452-0B44-4168-9C57-6519512740C1}.Release|Any CPU.Build.0 = Release|Any CPU
	EndGlobalSection
	GlobalSection(SolutionProperties) = preSolution
		HideSolutionNode = FALSE
	EndGlobalSection
	GlobalSection(ExtensibilityGlobals) = postSolution
		SolutionGuid = {28AA424B-49B6-41E1-B5A9-4F334F8BC85A}
	EndGlobalSection
EndGlobal
